lockfileVersion: '9.0'

settings:
  autoInstallPeers: true
  excludeLinksFromLockfile: false

importers:

  .:
    dependencies:
      date-fns:
        specifier: ^4.1.0
        version: 4.1.0
      react-big-calendar:
        specifier: ^1.19.4
        version: 1.19.4(react-dom@19.2.6(react@19.2.6))(react@19.2.6)

packages:

  '@babel/runtime@7.29.2':
    resolution: {integrity: sha512-JiDShH45zKHWyGe4ZNVRrCjBz8Nh9TMmZG1kh4QTK8hCBTWBi8Da+i7s1fJw7/lYpM4ccepSNfqzZ/QvABBi5g==}
    engines: {node: '>=6.9.0'}

  '@popperjs/core@2.11.8':
    resolution: {integrity: sha512-P1st0aksCrn9sGZhp8GMYwBnQsbvAWsZAX44oXNNvLHGqAOcoVxmjZiohstwQ7SqKnbR47akdNi+uleWD8+g6A==}

  '@restart/hooks@0.4.16':
    resolution: {integrity: sha512-f7aCv7c+nU/3mF7NWLtVVr0Ra80RqsO89hO72r+Y/nvQr5+q0UFGkocElTH6MJApvReVh6JHUFYn2cw1WdHF3w==}
    peerDependencies:
      react: '>=16.8.0'

  '@types/react@19.2.14':
    resolution: {integrity: sha512-ilcTH/UniCkMdtexkoCN0bI7pMcJDvmQFPvuPvmEaYA/NSfFTAgdUSLAoVjaRJm7+6PvcM+q1zYOwS4wTYMF9w==}

  '@types/warning@3.0.4':
    resolution: {integrity: sha512-CqN8MnISMwQbLJXO3doBAV4Yw9hx9/Pyr2rZ78+NfaCnhyRA/nKrpyk6E7mKw17ZOaQdLpK9GiUjrqLzBlN3sg==}

  clsx@1.2.1:
    resolution: {integrity: sha512-EcR6r5a8bj6pu3ycsa/E/cKVGuTgZJZdsyUYHOksG/UHIiKfjxzRxYJpyVBwYaQeOvghal9fcc4PidlgzugAQg==}
    engines: {node: '>=6'}

  csstype@3.2.3:
    resolution: {integrity: sha512-z1HGKcYy2xA8AGQfwrn0PAy+PB7X/GSj3UVJW9qKyn43xWa+gl5nXmU4qqLMRzWVLFC8KusUX8T/0kCiOYpAIQ==}

  date-arithmetic@4.1.0:
    resolution: {integrity: sha512-QWxYLR5P/6GStZcdem+V1xoto6DMadYWpMXU82ES3/RfR3Wdwr3D0+be7mgOJ+Ov0G9D5Dmb9T17sNLQYj9XOg==}

  date-fns@4.1.0:
    resolution: {integrity: sha512-Ukq0owbQXxa/U3EGtsdVBkR1w7KOQ5gIBqdH2hkvknzZPYvBxb/aa6E8L7tmjFtkwZBu3UXBbjIgPo/Ez4xaNg==}

  dayjs@1.11.20:
    resolution: {integrity: sha512-YbwwqR/uYpeoP4pu043q+LTDLFBLApUP6VxRihdfNTqu4ubqMlGDLd6ErXhEgsyvY0K6nCs7nggYumAN+9uEuQ==}

  dequal@2.0.3:
    resolution: {integrity: sha512-0je+qPKHEMohvfRTCEo3CrPG6cAzAYgmzKyxRiYSSDkS6eGJdyVJm7WaYA5ECaAD9wLB2T4EEeymA5aFVcYXCA==}
    engines: {node: '>=6'}

  dom-helpers@5.2.1:
    resolution: {integrity: sha512-nRCa7CK3VTrM2NmGkIy4cbK7IZlgBE/PYMn55rrXefr5xXDP0LdtfPnblFDoVdcAfslJ7or6iqAUnx0CCGIWQA==}

  globalize@0.1.1:
    resolution: {integrity: sha512-5e01v8eLGfuQSOvx2MsDMOWS0GFtCx1wPzQSmcHw4hkxFzrQDBO3Xwg/m8Hr/7qXMrHeOIE29qWVzyv06u1TZA==}

  invariant@2.2.4:
    resolution: {integrity: sha512-phJfQVBuaJM5raOpJjSfkiD6BpbCE4Ns//LaXl6wGYtUBY83nWS6Rf9tXm2e8VaK60JEjYldbPif/A2B1C2gNA==}

  js-tokens@4.0.0:
    resolution: {integrity: sha512-RdJUflcE3cUzKiMqQgsCu06FPu9UdIJO0beYbPhHN4k6apgJtifcoCtT9bcxOpYBtpD2kCM6Sbzg4CausW/PKQ==}

  lodash-es@4.18.1:
    resolution: {integrity: sha512-J8xewKD/Gk22OZbhpOVSwcs60zhd95ESDwezOFuA3/099925PdHJ7OFHNTGtajL3AlZkykD32HykiMo+BIBI8A==}

  lodash@4.18.1:
    resolution: {integrity: sha512-dMInicTPVE8d1e5otfwmmjlxkZoUpiVLwyeTdUsi/Caj/gfzzblBcCE5sRHV/AsjuCmxWrte2TNGSYuCeCq+0Q==}

  loose-envify@1.4.0:
    resolution: {integrity: sha512-lyuxPGr/Wfhrlem2CL/UcnUc1zcqKAImBDzukY7Y5F/yQiNdko6+fRLevlw1HgMySw7f611UIY408EtxRSoK3Q==}
    hasBin: true

  luxon@3.7.2:
    resolution: {integrity: sha512-vtEhXh/gNjI9Yg1u4jX/0YVPMvxzHuGgCm6tC5kZyb08yjGWGnqAjGJvcXbqQR2P3MyMEFnRbpcdFS6PBcLqew==}
    engines: {node: '>=12'}

  memoize-one@6.0.0:
    resolution: {integrity: sha512-rkpe71W0N0c0Xz6QD0eJETuWAJGnJ9afsl1srmwPrI+yBCkge5EycXXbYRyvL29zZVUWQCY7InPRCv3GDXuZNw==}

  moment-timezone@0.5.48:
    resolution: {integrity: sha512-f22b8LV1gbTO2ms2j2z13MuPogNoh5UzxL3nzNAYKGraILnbGc9NEE6dyiiiLv46DGRb8A4kg8UKWLjPthxBHw==}

  moment@2.30.1:
    resolution: {integrity: sha512-uEmtNhbDOrWPFS+hdjFCBfy9f2YoyzRpwcl+DqpC6taX21FzsTLQVbMV/W7PzNSX6x/bhC1zA3c2UQ5NzH6how==}

  object-assign@4.1.1:
    resolution: {integrity: sha512-rJgTQnkUnH1sFw8yT6VSU3zD3sWmu6sZhIseY8VX+GRu3P6F7Fu+JNDoXfklElbLJSnc3FUQHVe4cU5hj+BcUg==}
    engines: {node: '>=0.10.0'}

  prop-types@15.8.1:
    resolution: {integrity: sha512-oj87CgZICdulUohogVAR7AjlC0327U4el4L6eAvOqCeudMDVU0NThNaV+b9Df4dXgSP1gXMTnPdhfe/2qDH5cg==}

  react-big-calendar@1.19.4:
    resolution: {integrity: sha512-FrvbDx2LF6JAWFD96LU1jjloppC5OgIvMYUYIPzAw5Aq+ArYFPxAjLqXc4DyxfsQDN0TJTMuS/BIbcSB7Pg0YA==}
    peerDependencies:
      react: ^16.14.0 || ^17 || ^18 || ^19
      react-dom: ^16.14.0 || ^17 || ^18 || ^19

  react-dom@19.2.6:
    resolution: {integrity: sha512-0prMI+hvBbPjsWnxDLxlCGyM8PN6UuWjEUCYmZhO67xIV9Xasa/r/vDnq+Xyq4Lo27g8QSbO5YzARu0D1Sps3g==}
    peerDependencies:
      react: ^19.2.6

  react-is@16.13.1:
    resolution: {integrity: sha512-24e6ynE2H+OKt4kqsOvNd8kBpV65zoxbA4BVsEOB3ARVWQki/DHzaUoC5KuON/BiccDaCCTZBuOcfZs70kR8bQ==}

  react-lifecycles-compat@3.0.4:
    resolution: {integrity: sha512-fBASbA6LnOU9dOU2eW7aQ8xmYBSXUIWr+UmF9b1efZBazGNO+rcXT/icdKnYm2pTwcRylVUYwW7H1PHfLekVzA==}

  react-overlays@5.2.1:
    resolution: {integrity: sha512-GLLSOLWr21CqtJn8geSwQfoJufdt3mfdsnIiQswouuQ2MMPns+ihZklxvsTDKD3cR2tF8ELbi5xUsvqVhR6WvA==}
    peerDependencies:
      react: '>=16.3.0'
      react-dom: '>=16.3.0'

  react@19.2.6:
    resolution: {integrity: sha512-sfWGGfavi0xr8Pg0sVsyHMAOziVYKgPLNrS7ig+ivMNb3wbCBw3KxtflsGBAwD3gYQlE/AEZsTLgToRrSCjb0Q==}
    engines: {node: '>=0.10.0'}

  scheduler@0.27.0:
    resolution: {integrity: sha512-eNv+WrVbKu1f3vbYJT/xtiF5syA5HPIMtf9IgY/nKg0sWqzAUEvqY/xm7OcZc/qafLx/iO9FgOmeSAp4v5ti/Q==}

  uncontrollable@7.2.1:
    resolution: {integrity: sha512-svtcfoTADIB0nT9nltgjujTi7BzVmwjZClOmskKu/E8FW9BXzg9os8OLr4f8Dlnk0rYWJIWr4wv9eKUXiQvQwQ==}
    peerDependencies:
      react: '>=15.0.0'

  warning@4.0.3:
    resolution: {integrity: sha512-rpJyN222KWIvHJ/F53XSZv0Zl/accqHR8et1kpaMTD/fLCRxtV8iX8czMzY7sVZupTI3zcUTg8eycS2kNF9l6w==}

snapshots:

  '@babel/runtime@7.29.2': {}

  '@popperjs/core@2.11.8': {}

  '@restart/hooks@0.4.16(react@19.2.6)':
    dependencies:
      dequal: 2.0.3
      react: 19.2.6

  '@types/react@19.2.14':
    dependencies:
      csstype: 3.2.3

  '@types/warning@3.0.4': {}

  clsx@1.2.1: {}

  csstype@3.2.3: {}

  date-arithmetic@4.1.0: {}

  date-fns@4.1.0: {}

  dayjs@1.11.20: {}

  dequal@2.0.3: {}

  dom-helpers@5.2.1:
    dependencies:
      '@babel/runtime': 7.29.2
      csstype: 3.2.3

  globalize@0.1.1: {}

  invariant@2.2.4:
    dependencies:
      loose-envify: 1.4.0

  js-tokens@4.0.0: {}

  lodash-es@4.18.1: {}

  lodash@4.18.1: {}

  loose-envify@1.4.0:
    dependencies:
      js-tokens: 4.0.0

  luxon@3.7.2: {}

  memoize-one@6.0.0: {}

  moment-timezone@0.5.48:
    dependencies:
      moment: 2.30.1

  moment@2.30.1: {}

  object-assign@4.1.1: {}

  prop-types@15.8.1:
    dependencies:
      loose-envify: 1.4.0
      object-assign: 4.1.1
      react-is: 16.13.1

  react-big-calendar@1.19.4(react-dom@19.2.6(react@19.2.6))(react@19.2.6):
    dependencies:
      '@babel/runtime': 7.29.2
      clsx: 1.2.1
      date-arithmetic: 4.1.0
      dayjs: 1.11.20
      dom-helpers: 5.2.1
      globalize: 0.1.1
      invariant: 2.2.4
      lodash: 4.18.1
      lodash-es: 4.18.1
      luxon: 3.7.2
      memoize-one: 6.0.0
      moment: 2.30.1
      moment-timezone: 0.5.48
      prop-types: 15.8.1
      react: 19.2.6
      react-dom: 19.2.6(react@19.2.6)
      react-overlays: 5.2.1(react-dom@19.2.6(react@19.2.6))(react@19.2.6)
      uncontrollable: 7.2.1(react@19.2.6)

  react-dom@19.2.6(react@19.2.6):
    dependencies:
      react: 19.2.6
      scheduler: 0.27.0

  react-is@16.13.1: {}

  react-lifecycles-compat@3.0.4: {}

  react-overlays@5.2.1(react-dom@19.2.6(react@19.2.6))(react@19.2.6):
    dependencies:
      '@babel/runtime': 7.29.2
      '@popperjs/core': 2.11.8
      '@restart/hooks': 0.4.16(react@19.2.6)
      '@types/warning': 3.0.4
      dom-helpers: 5.2.1
      prop-types: 15.8.1
      react: 19.2.6
      react-dom: 19.2.6(react@19.2.6)
      uncontrollable: 7.2.1(react@19.2.6)
      warning: 4.0.3

  react@19.2.6: {}

  scheduler@0.27.0: {}

  uncontrollable@7.2.1(react@19.2.6):
    dependencies:
      '@babel/runtime': 7.29.2
      '@types/react': 19.2.14
      invariant: 2.2.4
      react: 19.2.6
      react-lifecycles-compat: 3.0.4

  warning@4.0.3:
    dependencies:
      loose-envify: 1.4.0
